
Microsoft Visual Studio Solution File, Format Version 12.00
Project("{FAE04EC0-301F-11D3-BF4B-00C04F79EFBC}") = "WebApp", "WebApp\WebApp.csproj", "{51224D6A-F7C3-45AA-AE11-3AD84DA089D0}"
EndProject
Project("{2150E333-8FDC-42A3-9474-1A3956D46DE8}") = "Base", "Base", "{ACD4E5B7-25FB-475D-993C-D951F458BA96}"
EndProject
Project("{2150E333-8FDC-42A3-9474-1A3956D46DE8}") = "App", "App", "{1CD7A0EC-8165-4A17-8F6D-41F279959F71}"
EndProject
Project("{2150E333-8FDC-42A3-9474-1A3956D46DE8}") = "Base.Contracts", "Base.Contracts", "{8E10F714-BE84-4EDB-8C29-15D494AE532D}"
EndProject
Project("{FAE04EC0-301F-11D3-BF4B-00C04F79EFBC}") = "App.DAL.EF", "App.DAL.EF\App.DAL.EF.csproj", "{EA5C5CE4-266E-48C9-87DC-D6CE822F8A34}"
EndProject
Project("{FAE04EC0-301F-11D3-BF4B-00C04F79EFBC}") = "App.Domain", "App.Domain\App.Domain.csproj", "{C84DB004-A9D8-41B2-B0DD-1E8A7E17E0E9}"
EndProject
Project("{FAE04EC0-301F-11D3-BF4B-00C04F79EFBC}") = "Base.Contract.Domain", "Base.Contract.Domain\Base.Contract.Domain.csproj", "{F8AAB550-E8E8-44F6-ACBF-084D1B0A372E}"
EndProject
Project("{FAE04EC0-301F-11D3-BF4B-00C04F79EFBC}") = "Base.Domain", "Base.Domain\Base.Domain.csproj", "{D4AF2FE6-80DE-4882-8E2B-118A9A7F7263}"
EndProject
Global
	GlobalSection(SolutionConfigurationPlatforms) = preSolution
		Debug|Any CPU = Debug|Any CPU
		Release|Any CPU = Release|Any CPU
	EndGlobalSection
	GlobalSection(ProjectConfigurationPlatforms) = postSolution
		{51224D6A-F7C3-45AA-AE11-3AD84DA089D0}.Debug|Any CPU.ActiveCfg = Debug|Any CPU
		{51224D6A-F7C3-45AA-AE11-3AD84DA089D0}.Debug|Any CPU.Build.0 = Debug|Any CPU
		{51224D6A-F7C3-45AA-AE11-3AD84DA089D0}.Release|Any CPU.ActiveCfg = Release|Any CPU
		{51224D6A-F7C3-45AA-AE11-3AD84DA089D0}.Release|Any CPU.Build.0 = Release|Any CPU
		{EA5C5CE4-266E-48C9-87DC-D6CE822F8A34}.Debug|Any CPU.ActiveCfg = Debug|Any CPU
		{EA5C5CE4-266E-48C9-87DC-D6CE822F8A34}.Debug|Any CPU.Build.0 = Debug|Any CPU
		{EA5C5CE4-266E-48C9-87DC-D6CE822F8A34}.Release|Any CPU.ActiveCfg = Release|Any CPU
		{EA5C5CE4-266E-48C9-87DC-D6CE822F8A34}.Release|Any CPU.Build.0 = Release|Any CPU
		{C84DB004-A9D8-41B2-B0DD-1E8A7E17E0E9}.Debug|Any CPU.ActiveCfg = Debug|Any CPU
		{C84DB004-A9D8-41B2-B0DD-1E8A7E17E0E9}.Debug|Any CPU.Build.0 = Debug|Any CPU
		{C84DB004-A9D8-41B2-B0DD-1E8A7E17E0E9}.Release|Any CPU.ActiveCfg = Release|Any CPU
		{C84DB004-A9D8-41B2-B0DD-1E8A7E17E0E9}.Release|Any CPU.Build.0 = Release|Any CPU
		{F8AAB550-E8E8-44F6-ACBF-084D1B0A372E}.Debug|Any CPU.ActiveCfg = Debug|Any CPU
		{F8AAB550-E8E8-44F6-ACBF-084D1B0A372E}.Debug|Any CPU.Build.0 = Debug|Any CPU
		{F8AAB550-E8E8-44F6-ACBF-084D1B0A372E}.Release|Any CPU.ActiveCfg = Release|Any CPU
		{F8AAB550-E8E8-44F6-ACBF-084D1B0A372E}.Release|Any CPU.Build.0 = Release|Any CPU
		{D4AF2FE6-80DE-4882-8E2B-118A9A7F7263}.Debug|Any CPU.ActiveCfg = Debug|Any CPU
		{D4AF2FE6-80DE-4882-8E2B-118A9A7F7263}.Debug|Any CPU.Build.0 = Debug|Any CPU
		{D4AF2FE6-80DE-4882-8E2B-118A9A7F7263}.Release|Any CPU.ActiveCfg = Release|Any CPU
		{D4AF2FE6-80DE-4882-8E2B-118A9A7F7263}.Release|Any CPU.Build.0 = Release|Any CPU
	EndGlobalSection
	GlobalSection(NestedProjects) = preSolution
		{51224D6A-F7C3-45AA-AE11-3AD84DA089D0} = {1CD7A0EC-8165-4A17-8F6D-41F279959F71}
		{EA5C5CE4-266E-48C9-87DC-D6CE822F8A34} = {1CD7A0EC-8165-4A17-8F6D-41F279959F71}
		{C84DB004-A9D8-41B2-B0DD-1E8A7E17E0E9} = {1CD7A0EC-8165-4A17-8F6D-41F279959F71}
		{F8AAB550-E8E8-44F6-ACBF-084D1B0A372E} = {8E10F714-BE84-4EDB-8C29-15D494AE532D}
		{D4AF2FE6-80DE-4882-8E2B-118A9A7F7263} = {ACD4E5B7-25FB-475D-993C-D951F458BA96}
	EndGlobalSection
EndGlobal
